
Microsoft Visual Studio Solution File, Format Version 12.00
# Visual Studio Version 17
VisualStudioVersion = 17.11.35312.102
MinimumVisualStudioVersion = 10.0.40219.1
Project("{FAE04EC0-301F-11D3-BF4B-00C04F79EFBC}") = "DSAProject", "DSAProject\DSAProject.csproj", "{E4D25574-8C33-4A79-84AC-1115C9C355D6}"
EndProject
Global
	GlobalSection(SolutionConfigurationPlatforms) = preSolution
		Debug|Any CPU = Debug|Any CPU
		Release|Any CPU = Release|Any CPU
	EndGlobalSection
	GlobalSection(ProjectConfigurationPlatforms) = postSolution
		{E4D25574-8C33-4A79-84AC-1115C9C355D6}.Debug|Any CPU.ActiveCfg = Debug|Any CPU
		{E4D25574-8C33-4A79-84AC-1115C9C355D6}.Debug|Any CPU.Build.0 = Debug|Any CPU
		{E4D25574-8C33-4A79-84AC-1115C9C355D6}.Release|Any CPU.ActiveCfg = Release|Any CPU
		{E4D25574-8C33-4A79-84AC-1115C9C355D6}.Release|Any CPU.Build.0 = Release|Any CPU
	EndGlobalSection
	GlobalSection(SolutionProperties) = preSolution
		HideSolutionNode = FALSE
	EndGlobalSection
	GlobalSection(ExtensibilityGlobals) = postSolution
		SolutionGuid = {DD9671CB-448C-42FF-9F66-E88CBEF10C55}
	EndGlobalSection
EndGlobal
